{
  "name": "c-02-python-word-pdf",
  "version": "0.1.0",
  "lockfileVersion": 1,
  "requires": true,
  "dependencies": {
    "@aws-cdk/assets": {
      "version": "1.200.0",
      "resolved": "https://registry.npmjs.org/@aws-cdk/assets/-/assets-1.200.0.tgz",
      "integrity": "sha512-KtMWi+aMXwmtRVIEv+je1eogLid1LxqQgCA1MqyEFmCJeTDY+bc8GypR/8Gq+e5LcYokqE/qxLGBpPmwF8EglA==",
      "requires": {
        "@aws-cdk/core": "1.200.0",
        "@aws-cdk/cx-api": "1.200.0",
        "constructs": "^3.3.69"
      }
    },
    "@aws-cdk/aws-acmpca": {
      "version": "1.200.0",
      "resolved": "https://registry.npmjs.org/@aws-cdk/aws-acmpca/-/aws-acmpca-1.200.0.tgz",
      "integrity": "sha512-4iWeSfZuT6c2dziRBGHOg+FgBgFQWjMqORVGnGGntKA8EsBvmO/mSGNuW+V2dHSpfUev9Kjfz6o4pdKhjGg/yg==",
      "requires": {
        "@aws-cdk/core": "1.200.0",
        "constructs": "^3.3.69"
      }
    },
    "@aws-cdk/aws-apigateway": {
      "version": "1.200.0",
      "resolved": "https://registry.npmjs.org/@aws-cdk/aws-apigateway/-/aws-apigateway-1.200.0.tgz",
      "integrity": "sha512-WJsnnPBwlhjvo+twIdx9pd4dK5klRap/HEqbsrALdEHZDqm3yGpdcarEIxoEyuBifoMDBCQBtYpo5Z+exvT4Xw==",
      "requires": {
        "@aws-cdk/aws-certificatemanager": "1.200.0",
        "@aws-cdk/aws-cloudwatch": "1.200.0",
        "@aws-cdk/aws-cognito": "1.200.0",
        "@aws-cdk/aws-ec2": "1.200.0",
        "@aws-cdk/aws-elasticloadbalancingv2": "1.200.0",
        "@aws-cdk/aws-iam": "1.200.0",
        "@aws-cdk/aws-lambda": "1.200.0",
        "@aws-cdk/aws-logs": "1.200.0",
        "@aws-cdk/aws-s3": "1.200.0",
        "@aws-cdk/aws-s3-assets": "1.200.0",
        "@aws-cdk/aws-stepfunctions": "1.200.0",
        "@aws-cdk/core": "1.200.0",
        "@aws-cdk/cx-api": "1.200.0",
        "constructs": "^3.3.69"
      }
    },
    "@aws-cdk/aws-applicationautoscaling": {
      "version": "1.200.0",
      "resolved": "https://registry.npmjs.org/@aws-cdk/aws-applicationautoscaling/-/aws-applicationautoscaling-1.200.0.tgz",
      "integrity": "sha512-RgXArg7EUGbtanHp0CEO10Amgi3/QxGLIFF/agfpGwMu1cR9qhfXvwYPsGtia04Fm/xJl7tXD3F90OAfMzw1aA==",
      "requires": {
        "@aws-cdk/aws-autoscaling-common": "1.200.0",
        "@aws-cdk/aws-cloudwatch": "1.200.0",
        "@aws-cdk/aws-iam": "1.200.0",
        "@aws-cdk/core": "1.200.0",
        "constructs": "^3.3.69"
      }
    },
    "@aws-cdk/aws-autoscaling": {
      "version": "1.200.0",
      "resolved": "https://registry.npmjs.org/@aws-cdk/aws-autoscaling/-/aws-autoscaling-1.200.0.tgz",
      "integrity": "sha512-FLTiKnlAOcGoF/XLSIaqBzSqGGX0oWZx5lZJss99Y34auyyvrQPCFsVKxyxj6QBNRVE5++HAXlpBC+mlbeeElQ==",
      "requires": {
        "@aws-cdk/aws-autoscaling-common": "1.200.0",
        "@aws-cdk/aws-cloudwatch": "1.200.0",
        "@aws-cdk/aws-ec2": "1.200.0",
        "@aws-cdk/aws-elasticloadbalancing": "1.200.0",
        "@aws-cdk/aws-elasticloadbalancingv2": "1.200.0",
        "@aws-cdk/aws-iam": "1.200.0",
        "@aws-cdk/aws-sns": "1.200.0",
        "@aws-cdk/core": "1.200.0",
        "constructs": "^3.3.69"
      }
    },
    "@aws-cdk/aws-autoscaling-common": {
      "version": "1.200.0",
      "resolved": "https://registry.npmjs.org/@aws-cdk/aws-autoscaling-common/-/aws-autoscaling-common-1.200.0.tgz",
      "integrity": "sha512-BpTVidgMplFUHU9ZIU2OqLdb/rvQP/xtrgl/XedQ1vBXQKTf+VGKo4Mc+nQ+xWuLx2MoJZrXOYjcqrqtO9WXhQ==",
      "requires": {
        "@aws-cdk/aws-iam": "1.200.0",
        "@aws-cdk/core": "1.200.0",
        "constructs": "^3.3.69"
      }
    },
    "@aws-cdk/aws-autoscaling-hooktargets": {
      "version": "1.200.0",
      "resolved": "https://registry.npmjs.org/@aws-cdk/aws-autoscaling-hooktargets/-/aws-autoscaling-hooktargets-1.200.0.tgz",
      "integrity": "sha512-w7bNbIWc0qdnDFdHyULbte1cVtpGdmr2HtHGzJixHVqd+c6Cjb6oUJeAAS3CrrRTSijDKxpBz8P9B88VrDMhdw==",
      "requires": {
        "@aws-cdk/aws-autoscaling": "1.200.0",
        "@aws-cdk/aws-iam": "1.200.0",
        "@aws-cdk/aws-kms": "1.200.0",
        "@aws-cdk/aws-lambda": "1.200.0",
        "@aws-cdk/aws-sns": "1.200.0",
        "@aws-cdk/aws-sns-subscriptions": "1.200.0",
        "@aws-cdk/aws-sqs": "1.200.0",
        "@aws-cdk/core": "1.200.0",
        "constructs": "^3.3.69"
      }
    },
    "@aws-cdk/aws-certificatemanager": {
      "version": "1.200.0",
      "resolved": "https://registry.npmjs.org/@aws-cdk/aws-certificatemanager/-/aws-certificatemanager-1.200.0.tgz",
      "integrity": "sha512-P7/GIzDMItXe/0dYqS/Y0CmirI6txxUiq/qQ/CHP4dZoTDJiIiAmBRFyfiRs+oHbSSX0iHnslFnlBkwQco8Zvw==",
      "requires": {
        "@aws-cdk/aws-acmpca": "1.200.0",
        "@aws-cdk/aws-cloudwatch": "1.200.0",
        "@aws-cdk/aws-iam": "1.200.0",
        "@aws-cdk/aws-lambda": "1.200.0",
        "@aws-cdk/aws-route53": "1.200.0",
        "@aws-cdk/core": "1.200.0",
        "constructs": "^3.3.69"
      }
    },
    "@aws-cdk/aws-cloudformation": {
      "version": "1.200.0",
      "resolved": "https://registry.npmjs.org/@aws-cdk/aws-cloudformation/-/aws-cloudformation-1.200.0.tgz",
      "integrity": "sha512-60NBbBNJiCoBhpOHot/3xfFzK0PMnD0f5nMiQZg7IhlFCJZ8htw5ZBYll2CwhXt/rqDGqBgmn5JOhReRY3q3PA==",
      "requires": {
        "@aws-cdk/aws-iam": "1.200.0",
        "@aws-cdk/aws-lambda": "1.200.0",
        "@aws-cdk/aws-s3": "1.200.0",
        "@aws-cdk/aws-sns": "1.200.0",
        "@aws-cdk/core": "1.200.0",
        "@aws-cdk/cx-api": "1.200.0",
        "constructs": "^3.3.69"
      }
    },
    "@aws-cdk/aws-cloudfront": {
      "version": "1.200.0",
      "resolved": "https://registry.npmjs.org/@aws-cdk/aws-cloudfront/-/aws-cloudfront-1.200.0.tgz",
      "integrity": "sha512-7ngz334CbJog0r1Dzr/0Qf9B86nIFc2MijGFSa9e+tCBxgOAn9rFhIpiuNQsPy4qaeY9K8AKBbSqWvrfbobRvA==",
      "requires": {
        "@aws-cdk/aws-certificatemanager": "1.200.0",
        "@aws-cdk/aws-cloudwatch": "1.200.0",
        "@aws-cdk/aws-ec2": "1.200.0",
        "@aws-cdk/aws-iam": "1.200.0",
        "@aws-cdk/aws-kms": "1.200.0",
        "@aws-cdk/aws-lambda": "1.200.0",
        "@aws-cdk/aws-s3": "1.200.0",
        "@aws-cdk/aws-ssm": "1.200.0",
        "@aws-cdk/core": "1.200.0",
        "@aws-cdk/cx-api": "1.200.0",
        "constructs": "^3.3.69"
      }
    },
    "@aws-cdk/aws-cloudwatch": {
      "version": "1.200.0",
      "resolved": "https://registry.npmjs.org/@aws-cdk/aws-cloudwatch/-/aws-cloudwatch-1.200.0.tgz",
      "integrity": "sha512-fFh1oUTMqOhi+GE9LcmUpHuCv5FSXQnQ443AuY14Qg9OOteZcAXr3RpqgzjmtVtCOCNbYolF9W6JS2kOz25shQ==",
      "requires": {
        "@aws-cdk/aws-iam": "1.200.0",
        "@aws-cdk/core": "1.200.0",
        "constructs": "^3.3.69"
      }
    },
    "@aws-cdk/aws-codeguruprofiler": {
      "version": "1.200.0",
      "resolved": "https://registry.npmjs.org/@aws-cdk/aws-codeguruprofiler/-/aws-codeguruprofiler-1.200.0.tgz",
      "integrity": "sha512-oLNKYbEWmGhXQCmnrP3pLq4CeS8MU6CnddKo6rjexSiB65tzvKsLrI+rOUkA4qTOHiD203hHHjkEH5AbJ57HSQ==",
      "requires": {
        "@aws-cdk/aws-iam": "1.200.0",
        "@aws-cdk/core": "1.200.0",
        "constructs": "^3.3.69"
      }
    },
    "@aws-cdk/aws-codestarnotifications": {
      "version": "1.200.0",
      "resolved": "https://registry.npmjs.org/@aws-cdk/aws-codestarnotifications/-/aws-codestarnotifications-1.200.0.tgz",
      "integrity": "sha512-AhUZ6jOukeN54iHNYuZhA58SCVTWTmH/uSCBwQKmA+Q07FaftBmg1WmOf1cY5KcLbRjbw2+zSDFw0tcnyG1qUA==",
      "requires": {
        "@aws-cdk/core": "1.200.0",
        "constructs": "^3.3.69"
      }
    },
    "@aws-cdk/aws-cognito": {
      "version": "1.200.0",
      "resolved": "https://registry.npmjs.org/@aws-cdk/aws-cognito/-/aws-cognito-1.200.0.tgz",
      "integrity": "sha512-pue+uS1CHDjz9Mi7b+XRNZ8FXv0/94H3gzu7RyH0NZLaeISswydp549vOGa3nnr4YjVanL5kzED+ZpSSzpVW8w==",
      "requires": {
        "@aws-cdk/aws-certificatemanager": "1.200.0",
        "@aws-cdk/aws-iam": "1.200.0",
        "@aws-cdk/aws-kms": "1.200.0",
        "@aws-cdk/aws-lambda": "1.200.0",
        "@aws-cdk/core": "1.200.0",
        "@aws-cdk/custom-resources": "1.200.0",
        "constructs": "^3.3.69",
        "punycode": "^2.3.0"
      },
      "dependencies": {
        "punycode": {
          "version": "2.3.0",
          "bundled": true
        }
      }
    },
    "@aws-cdk/aws-ec2": {
      "version": "1.200.0",
      "resolved": "https://registry.npmjs.org/@aws-cdk/aws-ec2/-/aws-ec2-1.200.0.tgz",
      "integrity": "sha512-pZLT7cVCRHk0blDKkZnKNsc0c5HLBrWrLPhn+m7/Rt4aBCmF/+HozT2vdoegkLQHuJRFIeHkaki9PVDfZ/hT4Q==",
      "requires": {
        "@aws-cdk/aws-cloudwatch": "1.200.0",
        "@aws-cdk/aws-iam": "1.200.0",
        "@aws-cdk/aws-kms": "1.200.0",
        "@aws-cdk/aws-logs": "1.200.0",
        "@aws-cdk/aws-s3": "1.200.0",
        "@aws-cdk/aws-s3-assets": "1.200.0",
        "@aws-cdk/aws-ssm": "1.200.0",
        "@aws-cdk/cloud-assembly-schema": "1.200.0",
        "@aws-cdk/core": "1.200.0",
        "@aws-cdk/cx-api": "1.200.0",
        "@aws-cdk/region-info": "1.200.0",
        "constructs": "^3.3.69"
      }
    },
    "@aws-cdk/aws-ecr": {
      "version": "1.200.0",
      "resolved": "https://registry.npmjs.org/@aws-cdk/aws-ecr/-/aws-ecr-1.200.0.tgz",
      "integrity": "sha512-JsGmfMr962gy66PsMxWdFEed20vfL5G7M3WCFaJ8GCqKQZUU360BiKjqqx6K2cp9tXpxclXbDcMpWWf+ZqXTHA==",
      "requires": {
        "@aws-cdk/aws-events": "1.200.0",
        "@aws-cdk/aws-iam": "1.200.0",
        "@aws-cdk/aws-kms": "1.200.0",
        "@aws-cdk/core": "1.200.0",
        "constructs": "^3.3.69"
      }
    },
    "@aws-cdk/aws-ecr-assets": {
      "version": "1.200.0",
      "resolved": "https://registry.npmjs.org/@aws-cdk/aws-ecr-assets/-/aws-ecr-assets-1.200.0.tgz",
      "integrity": "sha512-YwhI7n10b792jTS+84lNrOrTlXRjxyyjArZU+KsYYSOu8vkC+1KFPCyiJY+F7TIf5cu0sa1vMtLBSBMTxs3h7w==",
      "requires": {
        "@aws-cdk/assets": "1.200.0",
        "@aws-cdk/aws-ecr": "1.200.0",
        "@aws-cdk/aws-iam": "1.200.0",
        "@aws-cdk/aws-s3": "1.200.0",
        "@aws-cdk/core": "1.200.0",
        "@aws-cdk/cx-api": "1.200.0",
        "constructs": "^3.3.69"
      }
    },
    "@aws-cdk/aws-ecs": {
      "version": "1.200.0",
      "resolved": "https://registry.npmjs.org/@aws-cdk/aws-ecs/-/aws-ecs-1.200.0.tgz",
      "integrity": "sha512-lz0PEweCD6Y2N8f+d6W/vxcoPZgZJf81LMrN5ZxLLCGZnCQ/i8g/waWMT4A1HvkM3K6GvsP2Rk4EYBhJTFb8Aw==",
      "requires": {
        "@aws-cdk/aws-applicationautoscaling": "1.200.0",
        "@aws-cdk/aws-autoscaling": "1.200.0",
        "@aws-cdk/aws-autoscaling-hooktargets": "1.200.0",
        "@aws-cdk/aws-certificatemanager": "1.200.0",
        "@aws-cdk/aws-cloudwatch": "1.200.0",
        "@aws-cdk/aws-ec2": "1.200.0",
        "@aws-cdk/aws-ecr": "1.200.0",
        "@aws-cdk/aws-ecr-assets": "1.200.0",
        "@aws-cdk/aws-elasticloadbalancing": "1.200.0",
        "@aws-cdk/aws-elasticloadbalancingv2": "1.200.0",
        "@aws-cdk/aws-iam": "1.200.0",
        "@aws-cdk/aws-kms": "1.200.0",
        "@aws-cdk/aws-lambda": "1.200.0",
        "@aws-cdk/aws-logs": "1.200.0",
        "@aws-cdk/aws-route53": "1.200.0",
        "@aws-cdk/aws-route53-targets": "1.200.0",
        "@aws-cdk/aws-s3": "1.200.0",
        "@aws-cdk/aws-s3-assets": "1.200.0",
        "@aws-cdk/aws-secretsmanager": "1.200.0",
        "@aws-cdk/aws-servicediscovery": "1.200.0",
        "@aws-cdk/aws-sns": "1.200.0",
        "@aws-cdk/aws-sqs": "1.200.0",
        "@aws-cdk/aws-ssm": "1.200.0",
        "@aws-cdk/core": "1.200.0",
        "@aws-cdk/cx-api": "1.200.0",
        "constructs": "^3.3.69"
      }
    },
    "@aws-cdk/aws-efs": {
      "version": "1.200.0",
      "resolved": "https://registry.npmjs.org/@aws-cdk/aws-efs/-/aws-efs-1.200.0.tgz",
      "integrity": "sha512-tk/21km47Lf+4wK1l33YvHdgkSCvaqrJrYd7+cTbNFpYTMIKuga+tKaVaiEbB6VpXGkK6DW4OpMte9+tiAdjnw==",
      "requires": {
        "@aws-cdk/aws-ec2": "1.200.0",
        "@aws-cdk/aws-iam": "1.200.0",
        "@aws-cdk/aws-kms": "1.200.0",
        "@aws-cdk/cloud-assembly-schema": "1.200.0",
        "@aws-cdk/core": "1.200.0",
        "@aws-cdk/cx-api": "1.200.0",
        "constructs": "^3.3.69"
      }
    },
    "@aws-cdk/aws-elasticloadbalancing": {
      "version": "1.200.0",
      "resolved": "https://registry.npmjs.org/@aws-cdk/aws-elasticloadbalancing/-/aws-elasticloadbalancing-1.200.0.tgz",
      "integrity": "sha512-e+8SDrvmVpkSWiMFf4ehBSdptGEkfkl2Jj6LPRRr3dM8DRyarokPJ3eBx+Vv4iofAGnk4MP08xZvQwCFecXnyQ==",
      "requires": {
        "@aws-cdk/aws-ec2": "1.200.0",
        "@aws-cdk/core": "1.200.0",
        "constructs": "^3.3.69"
      }
    },
    "@aws-cdk/aws-elasticloadbalancingv2": {
      "version": "1.200.0",
      "resolved": "https://registry.npmjs.org/@aws-cdk/aws-elasticloadbalancingv2/-/aws-elasticloadbalancingv2-1.200.0.tgz",
      "integrity": "sha512-nKGzuEjy3lhxCXBj8M0z7wWfq0Dftw0OM12iYx09afZDSrm4KTSkZSSJ9fdDV9JvYmrIr4c57js7R2TksJfg9Q==",
      "requires": {
        "@aws-cdk/aws-certificatemanager": "1.200.0",
        "@aws-cdk/aws-cloudwatch": "1.200.0",
        "@aws-cdk/aws-ec2": "1.200.0",
        "@aws-cdk/aws-iam": "1.200.0",
        "@aws-cdk/aws-lambda": "1.200.0",
        "@aws-cdk/aws-route53": "1.200.0",
        "@aws-cdk/aws-s3": "1.200.0",
        "@aws-cdk/cloud-assembly-schema": "1.200.0",
        "@aws-cdk/core": "1.200.0",
        "@aws-cdk/cx-api": "1.200.0",
        "@aws-cdk/region-info": "1.200.0",
        "constructs": "^3.3.69"
      }
    },
    "@aws-cdk/aws-events": {
      "version": "1.200.0",
      "resolved": "https://registry.npmjs.org/@aws-cdk/aws-events/-/aws-events-1.200.0.tgz",
      "integrity": "sha512-UO/s08mkK22yqUK8kj1JjS8RsIpPlLonCrYsAs1v/mwXburZ219HQ2RESuJtPPDgDqXrbXhSarpZ/opRapkkgQ==",
      "requires": {
        "@aws-cdk/aws-iam": "1.200.0",
        "@aws-cdk/core": "1.200.0",
        "constructs": "^3.3.69"
      }
    },
    "@aws-cdk/aws-globalaccelerator": {
      "version": "1.200.0",
      "resolved": "https://registry.npmjs.org/@aws-cdk/aws-globalaccelerator/-/aws-globalaccelerator-1.200.0.tgz",
      "integrity": "sha512-wbkcoqUlmrKS44lCgGT/aPZsh7tkUP5nG22UAYbH5/9yJLtKLEMMaWyvqCHKBbSCZMlqz6TfDjBQSszaptuwnA==",
      "requires": {
        "@aws-cdk/aws-ec2": "1.200.0",
        "@aws-cdk/core": "1.200.0",
        "@aws-cdk/custom-resources": "1.200.0",
        "constructs": "^3.3.69"
      }
    },
    "@aws-cdk/aws-iam": {
      "version": "1.200.0",
      "resolved": "https://registry.npmjs.org/@aws-cdk/aws-iam/-/aws-iam-1.200.0.tgz",
      "integrity": "sha512-HUpf2NucgCoXVIK62O3EFtspG0edDs9AF7uZ01sez1HR+8/bU3MTLvhpygxeabmkVMXMgQYWC9iUFw9zLoHzJg==",
      "requires": {
        "@aws-cdk/core": "1.200.0",
        "@aws-cdk/cx-api": "1.200.0",
        "@aws-cdk/region-info": "1.200.0",
        "constructs": "^3.3.69"
      }
    },
    "@aws-cdk/aws-kms": {
      "version": "1.200.0",
      "resolved": "https://registry.npmjs.org/@aws-cdk/aws-kms/-/aws-kms-1.200.0.tgz",
      "integrity": "sha512-kZsqy/lRxkWFhiuvuRJg0qtAHv704ks4IGfblUPBZMaPyPk/WTMhWVp050GUyG4NhLKd+3SFU0FATI4OHwbdTw==",
      "requires": {
        "@aws-cdk/aws-iam": "1.200.0",
        "@aws-cdk/cloud-assembly-schema": "1.200.0",
        "@aws-cdk/core": "1.200.0",
        "@aws-cdk/cx-api": "1.200.0",
        "constructs": "^3.3.69"
      }
    },
    "@aws-cdk/aws-lambda": {
      "version": "1.200.0",
      "resolved": "https://registry.npmjs.org/@aws-cdk/aws-lambda/-/aws-lambda-1.200.0.tgz",
      "integrity": "sha512-fHszuXL7QtA9JsPfadf8AbpYG7fYNxiJHpq8cALKCBUiTsK4pPJBmYGKsjrrGF4IGTI+UEgYv9aJBdnMhSIztQ==",
      "requires": {
        "@aws-cdk/aws-applicationautoscaling": "1.200.0",
        "@aws-cdk/aws-cloudwatch": "1.200.0",
        "@aws-cdk/aws-codeguruprofiler": "1.200.0",
        "@aws-cdk/aws-ec2": "1.200.0",
        "@aws-cdk/aws-ecr": "1.200.0",
        "@aws-cdk/aws-ecr-assets": "1.200.0",
        "@aws-cdk/aws-efs": "1.200.0",
        "@aws-cdk/aws-events": "1.200.0",
        "@aws-cdk/aws-iam": "1.200.0",
        "@aws-cdk/aws-kms": "1.200.0",
        "@aws-cdk/aws-logs": "1.200.0",
        "@aws-cdk/aws-s3": "1.200.0",
        "@aws-cdk/aws-s3-assets": "1.200.0",
        "@aws-cdk/aws-signer": "1.200.0",
        "@aws-cdk/aws-sns": "1.200.0",
        "@aws-cdk/aws-sqs": "1.200.0",
        "@aws-cdk/core": "1.200.0",
        "@aws-cdk/cx-api": "1.200.0",
        "@aws-cdk/region-info": "1.200.0",
        "constructs": "^3.3.69"
      }
    },
    "@aws-cdk/aws-logs": {
      "version": "1.200.0",
      "resolved": "https://registry.npmjs.org/@aws-cdk/aws-logs/-/aws-logs-1.200.0.tgz",
      "integrity": "sha512-rgubxUkrocPmPlNyCuNgEi7rLTePXaiq4huCiJhm1sl4gZu52uNbl5lDf5XOQLn6M16p6T8MFaFK1VZmx4gSzQ==",
      "requires": {
        "@aws-cdk/aws-cloudwatch": "1.200.0",
        "@aws-cdk/aws-iam": "1.200.0",
        "@aws-cdk/aws-kms": "1.200.0",
        "@aws-cdk/aws-s3-assets": "1.200.0",
        "@aws-cdk/core": "1.200.0",
        "@aws-cdk/cx-api": "1.200.0",
        "constructs": "^3.3.69"
      }
    },
    "@aws-cdk/aws-route53": {
      "version": "1.200.0",
      "resolved": "https://registry.npmjs.org/@aws-cdk/aws-route53/-/aws-route53-1.200.0.tgz",
      "integrity": "sha512-2kMHyxN9K/AG7A1oH1/c2L2CKGlQni08t11KvafLBLZF/yqZLkqWrIhim4KKlv36JIVlxABGSoBVMWwemNXuNA==",
      "requires": {
        "@aws-cdk/aws-ec2": "1.200.0",
        "@aws-cdk/aws-iam": "1.200.0",
        "@aws-cdk/aws-logs": "1.200.0",
        "@aws-cdk/cloud-assembly-schema": "1.200.0",
        "@aws-cdk/core": "1.200.0",
        "@aws-cdk/custom-resources": "1.200.0",
        "constructs": "^3.3.69"
      }
    },
    "@aws-cdk/aws-route53-targets": {
      "version": "1.200.0",
      "resolved": "https://registry.npmjs.org/@aws-cdk/aws-route53-targets/-/aws-route53-targets-1.200.0.tgz",
      "integrity": "sha512-ypQJcGNepv6bFipxlmlwaws/F1l0QUPkUq1W0VJfbcZty5JH7595jz/WxR6sVmavN1OqpTj6pKdcXOPJU8Au5Q==",
      "requires": {
        "@aws-cdk/aws-apigateway": "1.200.0",
        "@aws-cdk/aws-cloudfront": "1.200.0",
        "@aws-cdk/aws-cognito": "1.200.0",
        "@aws-cdk/aws-ec2": "1.200.0",
        "@aws-cdk/aws-elasticloadbalancing": "1.200.0",
        "@aws-cdk/aws-elasticloadbalancingv2": "1.200.0",
        "@aws-cdk/aws-globalaccelerator": "1.200.0",
        "@aws-cdk/aws-iam": "1.200.0",
        "@aws-cdk/aws-route53": "1.200.0",
        "@aws-cdk/aws-s3": "1.200.0",
        "@aws-cdk/core": "1.200.0",
        "@aws-cdk/region-info": "1.200.0",
        "constructs": "^3.3.69"
      }
    },
    "@aws-cdk/aws-s3": {
      "version": "1.200.0",
      "resolved": "https://registry.npmjs.org/@aws-cdk/aws-s3/-/aws-s3-1.200.0.tgz",
      "integrity": "sha512-IpC6cFhR4fyor/Rhf4BeBJxci1V5eGW35jvNttLU4jXOZbRXX23rc78PuBu93LhEChysxa5op2D8U9N+mm21Cw==",
      "requires": {
        "@aws-cdk/aws-events": "1.200.0",
        "@aws-cdk/aws-iam": "1.200.0",
        "@aws-cdk/aws-kms": "1.200.0",
        "@aws-cdk/core": "1.200.0",
        "@aws-cdk/cx-api": "1.200.0",
        "constructs": "^3.3.69"
      }
    },
    "@aws-cdk/aws-s3-assets": {
      "version": "1.200.0",
      "resolved": "https://registry.npmjs.org/@aws-cdk/aws-s3-assets/-/aws-s3-assets-1.200.0.tgz",
      "integrity": "sha512-eu14UbDSnGFZeJN3uoEhDYcVmFrlmRXdv7XzsHFWOikhoVv1eWBMJc93BLjLPUvsDBlVvpXhfkX9jpjYxlILBQ==",
      "requires": {
        "@aws-cdk/assets": "1.200.0",
        "@aws-cdk/aws-iam": "1.200.0",
        "@aws-cdk/aws-kms": "1.200.0",
        "@aws-cdk/aws-s3": "1.200.0",
        "@aws-cdk/core": "1.200.0",
        "@aws-cdk/cx-api": "1.200.0",
        "constructs": "^3.3.69"
      }
    },
    "@aws-cdk/aws-sam": {
      "version": "1.200.0",
      "resolved": "https://registry.npmjs.org/@aws-cdk/aws-sam/-/aws-sam-1.200.0.tgz",
      "integrity": "sha512-YyVgiu+JlLHXQwxA/G0iFf5KWzY2zRWgH7sYbhLNW2v8gz661xCP4LR2Pfy3Y8TY+ghEbSJqQ595gDoOa94DXA==",
      "requires": {
        "@aws-cdk/core": "1.200.0",
        "constructs": "^3.3.69"
      }
    },
    "@aws-cdk/aws-secretsmanager": {
      "version": "1.200.0",
      "resolved": "https://registry.npmjs.org/@aws-cdk/aws-secretsmanager/-/aws-secretsmanager-1.200.0.tgz",
      "integrity": "sha512-BO1RoRsZ1PcMocMGEJENtscX67K7lDfzT+0FQl3PvKN+aaM0SfbuZocEu3xcsUzqMpwyDpp52iTC+RHsCfH5QA==",
      "requires": {
        "@aws-cdk/aws-ec2": "1.200.0",
        "@aws-cdk/aws-iam": "1.200.0",
        "@aws-cdk/aws-kms": "1.200.0",
        "@aws-cdk/aws-lambda": "1.200.0",
        "@aws-cdk/aws-sam": "1.200.0",
        "@aws-cdk/core": "1.200.0",
        "@aws-cdk/cx-api": "1.200.0",
        "constructs": "^3.3.69"
      }
    },
    "@aws-cdk/aws-servicediscovery": {
      "version": "1.200.0",
      "resolved": "https://registry.npmjs.org/@aws-cdk/aws-servicediscovery/-/aws-servicediscovery-1.200.0.tgz",
      "integrity": "sha512-XuvQWcEa19tU7MpZ2F6qzmxRws+go1CZZoPxayb4qwjhMdept9bMUqDg2b3VWIZzfHb88XfkYf80gQbAxVKaVQ==",
      "requires": {
        "@aws-cdk/aws-ec2": "1.200.0",
        "@aws-cdk/aws-elasticloadbalancingv2": "1.200.0",
        "@aws-cdk/aws-route53": "1.200.0",
        "@aws-cdk/core": "1.200.0",
        "constructs": "^3.3.69"
      }
    },
    "@aws-cdk/aws-signer": {
      "version": "1.200.0",
      "resolved": "https://registry.npmjs.org/@aws-cdk/aws-signer/-/aws-signer-1.200.0.tgz",
      "integrity": "sha512-ltdIduTZTxkXNBlq37+t4oWtgftAEwe+5QqG1msJoikDKnbfTW8LnWIqcDICaGSa+qx8QkYbyGGhp/7cJcSqGg==",
      "requires": {
        "@aws-cdk/core": "1.200.0",
        "constructs": "^3.3.69"
      }
    },
    "@aws-cdk/aws-sns": {
      "version": "1.200.0",
      "resolved": "https://registry.npmjs.org/@aws-cdk/aws-sns/-/aws-sns-1.200.0.tgz",
      "integrity": "sha512-/e58Z1NzkojoTdq3pldDza4JQvaVjqkqtWY/ul+y0nsIlVWphobUjUPEoP4BnityZV2CB9vUbRXUS6YG5LJC2A==",
      "requires": {
        "@aws-cdk/aws-cloudwatch": "1.200.0",
        "@aws-cdk/aws-codestarnotifications": "1.200.0",
        "@aws-cdk/aws-events": "1.200.0",
        "@aws-cdk/aws-iam": "1.200.0",
        "@aws-cdk/aws-kms": "1.200.0",
        "@aws-cdk/aws-sqs": "1.200.0",
        "@aws-cdk/core": "1.200.0",
        "constructs": "^3.3.69"
      }
    },
    "@aws-cdk/aws-sns-subscriptions": {
      "version": "1.200.0",
      "resolved": "https://registry.npmjs.org/@aws-cdk/aws-sns-subscriptions/-/aws-sns-subscriptions-1.200.0.tgz",
      "integrity": "sha512-Jsrrof58hDwOginpFPYnpyFipeNi2UfCOGKIxnt8GEitk2YABZi4fi9MrgH9IWWvr1us4V0argdfFFbYGynfIA==",
      "requires": {
        "@aws-cdk/aws-iam": "1.200.0",
        "@aws-cdk/aws-kms": "1.200.0",
        "@aws-cdk/aws-lambda": "1.200.0",
        "@aws-cdk/aws-sns": "1.200.0",
        "@aws-cdk/aws-sqs": "1.200.0",
        "@aws-cdk/core": "1.200.0",
        "constructs": "^3.3.69"
      }
    },
    "@aws-cdk/aws-sqs": {
      "version": "1.200.0",
      "resolved": "https://registry.npmjs.org/@aws-cdk/aws-sqs/-/aws-sqs-1.200.0.tgz",
      "integrity": "sha512-1gzx3N0aiLF07QhiXADRy6noMix3GQzfCwxdFoK+2Z3PaFOqf4L9ykLMzpo1S/QCeSEUK/H40W2j9c4hHNTwxg==",
      "requires": {
        "@aws-cdk/aws-cloudwatch": "1.200.0",
        "@aws-cdk/aws-iam": "1.200.0",
        "@aws-cdk/aws-kms": "1.200.0",
        "@aws-cdk/core": "1.200.0",
        "constructs": "^3.3.69"
      }
    },
    "@aws-cdk/aws-ssm": {
      "version": "1.200.0",
      "resolved": "https://registry.npmjs.org/@aws-cdk/aws-ssm/-/aws-ssm-1.200.0.tgz",
      "integrity": "sha512-mIoOPSzVKLP+oqC8mi2S2t+Q5pmyA86Wnx5ZWj7vXA0rfVCyLc3/Luw07cSZNQT5vGadS9lqioTlXq/KwookUw==",
      "requires": {
        "@aws-cdk/aws-iam": "1.200.0",
        "@aws-cdk/aws-kms": "1.200.0",
        "@aws-cdk/cloud-assembly-schema": "1.200.0",
        "@aws-cdk/core": "1.200.0",
        "constructs": "^3.3.69"
      }
    },
    "@aws-cdk/aws-stepfunctions": {
      "version": "1.200.0",
      "resolved": "https://registry.npmjs.org/@aws-cdk/aws-stepfunctions/-/aws-stepfunctions-1.200.0.tgz",
      "integrity": "sha512-9kTZdcEwtG4p5bShf8OV8KH6MWSuN3OG5ZiKxNe7Rl25t8g0ysRdYaQSzQiwkp30pM4p8WNOF/TYbkVpDOrfAA==",
      "requires": {
        "@aws-cdk/aws-cloudwatch": "1.200.0",
        "@aws-cdk/aws-events": "1.200.0",
        "@aws-cdk/aws-iam": "1.200.0",
        "@aws-cdk/aws-logs": "1.200.0",
        "@aws-cdk/aws-s3": "1.200.0",
        "@aws-cdk/core": "1.200.0",
        "constructs": "^3.3.69"
      }
    },
    "@aws-cdk/cloud-assembly-schema": {
      "version": "1.200.0",
      "resolved": "https://registry.npmjs.org/@aws-cdk/cloud-assembly-schema/-/cloud-assembly-schema-1.200.0.tgz",
      "integrity": "sha512-sgMBMWQR2boMPZa8h92cFf6VmPUAPOhMfrrABZqAU5LDSpfl8JGE6jQ8nKngKIQKlFPjLQfDG7/SOkIdR3xkJg==",
      "requires": {
        "jsonschema": "^1.4.1",
        "semver": "^7.3.8"
      },
      "dependencies": {
        "jsonschema": {
          "version": "1.4.1",
          "bundled": true
        },
        "lru-cache": {
          "version": "6.0.0",
          "bundled": true,
          "requires": {
            "yallist": "^4.0.0"
          }
        },
        "semver": {
          "version": "7.3.8",
          "bundled": true,
          "requires": {
            "lru-cache": "^6.0.0"
          }
        },
        "yallist": {
          "version": "4.0.0",
          "bundled": true
        }
      }
    },
    "@aws-cdk/core": {
      "version": "1.200.0",
      "resolved": "https://registry.npmjs.org/@aws-cdk/core/-/core-1.200.0.tgz",
      "integrity": "sha512-zFQ+P7H208iEraVh22Qvg/iXCMpz+lg8YTCTF2/q4aaSBpVX03HdI/LDArFp8B9lll+BgYM6UGZTgjVKFoBvhw==",
      "requires": {
        "@aws-cdk/cloud-assembly-schema": "1.200.0",
        "@aws-cdk/cx-api": "1.200.0",
        "@aws-cdk/region-info": "1.200.0",
        "@balena/dockerignore": "^1.0.2",
        "constructs": "^3.3.69",
        "fs-extra": "^9.1.0",
        "ignore": "^5.2.4",
        "minimatch": "^3.1.2"
      },
      "dependencies": {
        "@balena/dockerignore": {
          "version": "1.0.2",
          "bundled": true
        },
        "at-least-node": {
          "version": "1.0.0",
          "bundled": true
        },
        "balanced-match": {
          "version": "1.0.2",
          "bundled": true
        },
        "brace-expansion": {
          "version": "1.1.11",
          "bundled": true,
          "requires": {
            "balanced-match": "^1.0.0",
            "concat-map": "0.0.1"
          }
        },
        "concat-map": {
          "version": "0.0.1",
          "bundled": true
        },
        "fs-extra": {
          "version": "9.1.0",
          "bundled": true,
          "requires": {
            "at-least-node": "^1.0.0",
            "graceful-fs": "^4.2.0",
            "jsonfile": "^6.0.1",
            "universalify": "^2.0.0"
          }
        },
        "graceful-fs": {
          "version": "4.2.10",
          "bundled": true
        },
        "ignore": {
          "version": "5.2.4",
          "bundled": true
        },
        "jsonfile": {
          "version": "6.1.0",
          "bundled": true,
          "requires": {
            "graceful-fs": "^4.1.6",
            "universalify": "^2.0.0"
          }
        },
        "minimatch": {
          "version": "3.1.2",
          "bundled": true,
          "requires": {
            "brace-expansion": "^1.1.7"
          }
        },
        "universalify": {
          "version": "2.0.0",
          "bundled": true
        }
      }
    },
    "@aws-cdk/custom-resources": {
      "version": "1.200.0",
      "resolved": "https://registry.npmjs.org/@aws-cdk/custom-resources/-/custom-resources-1.200.0.tgz",
      "integrity": "sha512-WiTJcL2Hgwu4Sjj9f4GlFgzzSIIwBLN0iXrk7+BlHq0ED3Rh8M1MbJLbuqTR3SXZZPqeKkyVxz2FpKh9wNhBsw==",
      "requires": {
        "@aws-cdk/aws-cloudformation": "1.200.0",
        "@aws-cdk/aws-ec2": "1.200.0",
        "@aws-cdk/aws-iam": "1.200.0",
        "@aws-cdk/aws-lambda": "1.200.0",
        "@aws-cdk/aws-logs": "1.200.0",
        "@aws-cdk/aws-sns": "1.200.0",
        "@aws-cdk/core": "1.200.0",
        "constructs": "^3.3.69"
      }
    },
    "@aws-cdk/cx-api": {
      "version": "1.200.0",
      "resolved": "https://registry.npmjs.org/@aws-cdk/cx-api/-/cx-api-1.200.0.tgz",
      "integrity": "sha512-6CxdLgNez5JTgoWjQQhlPx6q/UsoLcyxYZe3WETov+8CpeyixForMd6zhonJm+NgodjLpjt/XAEaBBKSkT78TQ==",
      "requires": {
        "@aws-cdk/cloud-assembly-schema": "1.200.0",
        "semver": "^7.3.8"
      },
      "dependencies": {
        "lru-cache": {
          "version": "6.0.0",
          "bundled": true,
          "requires": {
            "yallist": "^4.0.0"
          }
        },
        "semver": {
          "version": "7.3.8",
          "bundled": true,
          "requires": {
            "lru-cache": "^6.0.0"
          }
        },
        "yallist": {
          "version": "4.0.0",
          "bundled": true
        }
      }
    },
    "@aws-cdk/region-info": {
      "version": "1.200.0",
      "resolved": "https://registry.npmjs.org/@aws-cdk/region-info/-/region-info-1.200.0.tgz",
      "integrity": "sha512-z9gumK0+NBiCxyr+EAcveIcEpljzyNJtYNrFl7UOu2kq48NSFlqx7Wulp92LywF2y9t6MQAaCPnED+cQRizhuQ=="
    },
    "constructs": {
      "version": "3.4.293",
      "resolved": "https://registry.npmjs.org/constructs/-/constructs-3.4.293.tgz",
      "integrity": "sha512-pUUNuJFQl8+47oFgDNLge8IupmPEKmSrdgADPmnyEqZBoqpui/yrxhIHTFEYDR1jFck9XzWHOBWnncs64mH7uw=="
    }
  }
}
